
Microsoft Visual Studio Solution File, Format Version 10.00
# Visual Studio 2008
Project("{8BC9CEB8-8B4A-11D0-8D11-00A0C91BC942}") = "__GitTestVB__", "__GitTestVB__\__GitTestVB__.vcproj", "{BAF0E318-10B1-443C-9C25-2EB4CFACFCA1}"
EndProject
Global
	GlobalSection(SolutionConfigurationPlatforms) = preSolution
		Debug|Win32 = Debug|Win32
		Release|Win32 = Release|Win32
	EndGlobalSection
	GlobalSection(ProjectConfigurationPlatforms) = postSolution
		{BAF0E318-10B1-443C-9C25-2EB4CFACFCA1}.Debug|Win32.ActiveCfg = Debug|Win32
		{BAF0E318-10B1-443C-9C25-2EB4CFACFCA1}.Debug|Win32.Build.0 = Debug|Win32
		{BAF0E318-10B1-443C-9C25-2EB4CFACFCA1}.Release|Win32.ActiveCfg = Release|Win32
		{BAF0E318-10B1-443C-9C25-2EB4CFACFCA1}.Release|Win32.Build.0 = Release|Win32
	EndGlobalSection
	GlobalSection(SolutionProperties) = preSolution
		HideSolutionNode = FALSE
	EndGlobalSection
EndGlobal
